
Microsoft Visual Studio Solution File, Format Version 12.00
# Visual Studio 15
VisualStudioVersion = 15.0.28010.2003
MinimumVisualStudioVersion = 10.0.40219.1
Project("{FAE04EC0-301F-11D3-BF4B-00C04F79EFBC}") = "PrimerParcial_LJ_2015-0944", "PrimerParcial_LJ_2015-0944\PrimerParcial_LJ_2015-0944.csproj", "{F438AD99-8D77-4C60-9F76-9F30B4570AE9}"
EndProject
Global
	GlobalSection(SolutionConfigurationPlatforms) = preSolution
		Debug|Any CPU = Debug|Any CPU
		Release|Any CPU = Release|Any CPU
	EndGlobalSection
	GlobalSection(ProjectConfigurationPlatforms) = postSolution
		{F438AD99-8D77-4C60-9F76-9F30B4570AE9}.Debug|Any CPU.ActiveCfg = Debug|Any CPU
		{F438AD99-8D77-4C60-9F76-9F30B4570AE9}.Debug|Any CPU.Build.0 = Debug|Any CPU
		{F438AD99-8D77-4C60-9F76-9F30B4570AE9}.Release|Any CPU.ActiveCfg = Release|Any CPU
		{F438AD99-8D77-4C60-9F76-9F30B4570AE9}.Release|Any CPU.Build.0 = Release|Any CPU
	EndGlobalSection
	GlobalSection(SolutionProperties) = preSolution
		HideSolutionNode = FALSE
	EndGlobalSection
	GlobalSection(ExtensibilityGlobals) = postSolution
		SolutionGuid = {4B889D1C-F97D-4D5A-A5E0-47A19A5EFD7D}
	EndGlobalSection
EndGlobal
